
Microsoft Visual Studio Solution File, Format Version 12.00
# Visual Studio Version 17
VisualStudioVersion = 17.14.36518.9
MinimumVisualStudioVersion = 10.0.40219.1
Project("{2150E333-8FDC-42A3-9474-1A3956D46DE8}") = "Task0", "Task0", "{36D591C7-65C7-A0D1-1CBC-10CDE441BDC8}"
EndProject
Project("{FAE04EC0-301F-11D3-BF4B-00C04F79EFBC}") = "Tyuiu.SushchikIA.Sprint5.Task0.V20.Lib", "Tyuiu.SushchikIA.Sprint5.Task0.V20.Lib\Tyuiu.SushchikIA.Sprint5.Task0.V20.Lib.csproj", "{A07E5522-FD84-442B-9F9F-F3A701CF0D79}"
EndProject
Project("{FAE04EC0-301F-11D3-BF4B-00C04F79EFBC}") = "Tyuiu.SushchikIA.Sprint5.Task0.V20", "Tyuiu.SushchikIA.Sprint5.Task0.V20\Tyuiu.SushchikIA.Sprint5.Task0.V20.csproj", "{4EE4F557-1B7F-42DC-8E90-22BBA43DFD9C}"
EndProject
Project("{FAE04EC0-301F-11D3-BF4B-00C04F79EFBC}") = "Tyuiu.SushchikIA.Sprint5.Task0.V20.Test", "Tyuiu.SushchikIA.Sprint5.Task0.V20.Test\Tyuiu.SushchikIA.Sprint5.Task0.V20.Test.csproj", "{C529A8A5-97E2-4EC0-85C5-560EA76B3A3D}"
EndProject
Project("{2150E333-8FDC-42A3-9474-1A3956D46DE8}") = "Task3", "Task3", "{516E212F-767F-42D3-B9A5-AD0C3D8DAC57}"
EndProject
Project("{FAE04EC0-301F-11D3-BF4B-00C04F79EFBC}") = "Tyuiu.SushchikIA.Sprint5.Task3.V4.Test", "Tyuiu.SushchikIA.Sprint5.Task3.V4.Test\Tyuiu.SushchikIA.Sprint5.Task3.V4.Test.csproj", "{7D0BCB95-1004-45E2-8365-061A9D0A15D4}"
EndProject
Project("{FAE04EC0-301F-11D3-BF4B-00C04F79EFBC}") = "Tyuiu.SushchikIA.Sprint5.Task3.V4", "Tyuiu.SushchikIA.Sprint5.Task3.V4\Tyuiu.SushchikIA.Sprint5.Task3.V4.csproj", "{63B222AE-2E7E-4332-A8AE-95C6107CDCDE}"
EndProject
Project("{FAE04EC0-301F-11D3-BF4B-00C04F79EFBC}") = "Tyuiu.SushchikIA.Sprint5.Task3.V4.Lib", "Tyuiu.SushchikIA.Sprint5.Task3.V4.Lib\Tyuiu.SushchikIA.Sprint5.Task3.V4.Lib.csproj", "{F457365E-E24D-4141-B127-C3F6C61E1D89}"
EndProject
Project("{2150E333-8FDC-42A3-9474-1A3956D46DE8}") = "Task4", "Task4", "{4FDDB9AF-9584-413D-8A6B-A0C0734E10A0}"
EndProject
Project("{FAE04EC0-301F-11D3-BF4B-00C04F79EFBC}") = "Tyuiu.SushchikIA.Sprint5.Task4.V19.Lib", "Tyuiu.SushchikIA.Sprint5.Task4.V19.Lib\Tyuiu.SushchikIA.Sprint5.Task4.V19.Lib.csproj", "{8AF8B3B1-4E8E-4F8A-87B1-9DF58A0ED2E3}"
EndProject
Project("{FAE04EC0-301F-11D3-BF4B-00C04F79EFBC}") = "Tyuiu.SushchikIA.Sprint5.Task4.V19", "Tyuiu.SushchikIA.Sprint5.Task4.V19\Tyuiu.SushchikIA.Sprint5.Task4.V19.csproj", "{976729BE-0D57-4094-A37E-C51E35BAB192}"
EndProject
Project("{FAE04EC0-301F-11D3-BF4B-00C04F79EFBC}") = "Tyuiu.SushchikIA.Sprint5.Task4.V19.Test", "Tyuiu.SushchikIA.Sprint5.Task4.V19.Test\Tyuiu.SushchikIA.Sprint5.Task4.V19.Test.csproj", "{0ECBFA70-A839-4B9B-A48D-80D3CEC44D0D}"
EndProject
Project("{2150E333-8FDC-42A3-9474-1A3956D46DE8}") = "Task6", "Task6", "{5EA37784-E1A9-4F30-9F36-C003B1979B67}"
EndProject
Project("{FAE04EC0-301F-11D3-BF4B-00C04F79EFBC}") = "Tyuiu.SushchikIA.Sprint5.Task6.V6.Test", "Tyuiu.SushchikIA.Sprint5.Task6.V6.Test\Tyuiu.SushchikIA.Sprint5.Task6.V6.Test.csproj", "{40324B78-2806-44EA-8A2F-39FF2B6BDD1E}"
EndProject
Project("{FAE04EC0-301F-11D3-BF4B-00C04F79EFBC}") = "Tyuiu.SushchikIA.Sprint5.Task6.V6", "Tyuiu.SushchikIA.Sprint5.Task6.V6\Tyuiu.SushchikIA.Sprint5.Task6.V6.csproj", "{A01C4965-66F1-4E7B-8D8D-7940FFFEFA2D}"
EndProject
Project("{FAE04EC0-301F-11D3-BF4B-00C04F79EFBC}") = "Tyuiu.SushchikIA.Sprint5.Task6.V6.Lib", "Tyuiu.SushchikIA.Sprint5.Task6.V6.Lib\Tyuiu.SushchikIA.Sprint5.Task6.V6.Lib.csproj", "{89D8986F-56E6-4D1C-8242-CE69111E8821}"
EndProject
Global
	GlobalSection(SolutionConfigurationPlatforms) = preSolution
		Debug|Any CPU = Debug|Any CPU
		Release|Any CPU = Release|Any CPU
	EndGlobalSection
	GlobalSection(ProjectConfigurationPlatforms) = postSolution
		{A07E5522-FD84-442B-9F9F-F3A701CF0D79}.Debug|Any CPU.ActiveCfg = Debug|Any CPU
		{A07E5522-FD84-442B-9F9F-F3A701CF0D79}.Debug|Any CPU.Build.0 = Debug|Any CPU
		{A07E5522-FD84-442B-9F9F-F3A701CF0D79}.Release|Any CPU.ActiveCfg = Release|Any CPU
		{A07E5522-FD84-442B-9F9F-F3A701CF0D79}.Release|Any CPU.Build.0 = Release|Any CPU
		{4EE4F557-1B7F-42DC-8E90-22BBA43DFD9C}.Debug|Any CPU.ActiveCfg = Debug|Any CPU
		{4EE4F557-1B7F-42DC-8E90-22BBA43DFD9C}.Debug|Any CPU.Build.0 = Debug|Any CPU
		{4EE4F557-1B7F-42DC-8E90-22BBA43DFD9C}.Release|Any CPU.ActiveCfg = Release|Any CPU
		{4EE4F557-1B7F-42DC-8E90-22BBA43DFD9C}.Release|Any CPU.Build.0 = Release|Any CPU
		{C529A8A5-97E2-4EC0-85C5-560EA76B3A3D}.Debug|Any CPU.ActiveCfg = Debug|Any CPU
		{C529A8A5-97E2-4EC0-85C5-560EA76B3A3D}.Debug|Any CPU.Build.0 = Debug|Any CPU
		{C529A8A5-97E2-4EC0-85C5-560EA76B3A3D}.Release|Any CPU.ActiveCfg = Release|Any CPU
		{C529A8A5-97E2-4EC0-85C5-560EA76B3A3D}.Release|Any CPU.Build.0 = Release|Any CPU
		{7D0BCB95-1004-45E2-8365-061A9D0A15D4}.Debug|Any CPU.ActiveCfg = Debug|Any CPU
		{7D0BCB95-1004-45E2-8365-061A9D0A15D4}.Debug|Any CPU.Build.0 = Debug|Any CPU
		{7D0BCB95-1004-45E2-8365-061A9D0A15D4}.Release|Any CPU.ActiveCfg = Release|Any CPU
		{7D0BCB95-1004-45E2-8365-061A9D0A15D4}.Release|Any CPU.Build.0 = Release|Any CPU
		{63B222AE-2E7E-4332-A8AE-95C6107CDCDE}.Debug|Any CPU.ActiveCfg = Debug|Any CPU
		{63B222AE-2E7E-4332-A8AE-95C6107CDCDE}.Debug|Any CPU.Build.0 = Debug|Any CPU
		{63B222AE-2E7E-4332-A8AE-95C6107CDCDE}.Release|Any CPU.ActiveCfg = Release|Any CPU
		{63B222AE-2E7E-4332-A8AE-95C6107CDCDE}.Release|Any CPU.Build.0 = Release|Any CPU
		{F457365E-E24D-4141-B127-C3F6C61E1D89}.Debug|Any CPU.ActiveCfg = Debug|Any CPU
		{F457365E-E24D-4141-B127-C3F6C61E1D89}.Debug|Any CPU.Build.0 = Debug|Any CPU
		{F457365E-E24D-4141-B127-C3F6C61E1D89}.Release|Any CPU.ActiveCfg = Release|Any CPU
		{F457365E-E24D-4141-B127-C3F6C61E1D89}.Release|Any CPU.Build.0 = Release|Any CPU
		{8AF8B3B1-4E8E-4F8A-87B1-9DF58A0ED2E3}.Debug|Any CPU.ActiveCfg = Debug|Any CPU
		{8AF8B3B1-4E8E-4F8A-87B1-9DF58A0ED2E3}.Debug|Any CPU.Build.0 = Debug|Any CPU
		{8AF8B3B1-4E8E-4F8A-87B1-9DF58A0ED2E3}.Release|Any CPU.ActiveCfg = Release|Any CPU
		{8AF8B3B1-4E8E-4F8A-87B1-9DF58A0ED2E3}.Release|Any CPU.Build.0 = Release|Any CPU
		{976729BE-0D57-4094-A37E-C51E35BAB192}.Debug|Any CPU.ActiveCfg = Debug|Any CPU
		{976729BE-0D57-4094-A37E-C51E35BAB192}.Debug|Any CPU.Build.0 = Debug|Any CPU
		{976729BE-0D57-4094-A37E-C51E35BAB192}.Release|Any CPU.ActiveCfg = Release|Any CPU
		{976729BE-0D57-4094-A37E-C51E35BAB192}.Release|Any CPU.Build.0 = Release|Any CPU
		{0ECBFA70-A839-4B9B-A48D-80D3CEC44D0D}.Debug|Any CPU.ActiveCfg = Debug|Any CPU
		{0ECBFA70-A839-4B9B-A48D-80D3CEC44D0D}.Debug|Any CPU.Build.0 = Debug|Any CPU
		{0ECBFA70-A839-4B9B-A48D-80D3CEC44D0D}.Release|Any CPU.ActiveCfg = Release|Any CPU
		{0ECBFA70-A839-4B9B-A48D-80D3CEC44D0D}.Release|Any CPU.Build.0 = Release|Any CPU
		{40324B78-2806-44EA-8A2F-39FF2B6BDD1E}.Debug|Any CPU.ActiveCfg = Debug|Any CPU
		{40324B78-2806-44EA-8A2F-39FF2B6BDD1E}.Debug|Any CPU.Build.0 = Debug|Any CPU
		{40324B78-2806-44EA-8A2F-39FF2B6BDD1E}.Release|Any CPU.ActiveCfg = Release|Any CPU
		{40324B78-2806-44EA-8A2F-39FF2B6BDD1E}.Release|Any CPU.Build.0 = Release|Any CPU
		{A01C4965-66F1-4E7B-8D8D-7940FFFEFA2D}.Debug|Any CPU.ActiveCfg = Debug|Any CPU
		{A01C4965-66F1-4E7B-8D8D-7940FFFEFA2D}.Debug|Any CPU.Build.0 = Debug|Any CPU
		{A01C4965-66F1-4E7B-8D8D-7940FFFEFA2D}.Release|Any CPU.ActiveCfg = Release|Any CPU
		{A01C4965-66F1-4E7B-8D8D-7940FFFEFA2D}.Release|Any CPU.Build.0 = Release|Any CPU
		{89D8986F-56E6-4D1C-8242-CE69111E8821}.Debug|Any CPU.ActiveCfg = Debug|Any CPU
		{89D8986F-56E6-4D1C-8242-CE69111E8821}.Debug|Any CPU.Build.0 = Debug|Any CPU
		{89D8986F-56E6-4D1C-8242-CE69111E8821}.Release|Any CPU.ActiveCfg = Release|Any CPU
		{89D8986F-56E6-4D1C-8242-CE69111E8821}.Release|Any CPU.Build.0 = Release|Any CPU
	EndGlobalSection
	GlobalSection(SolutionProperties) = preSolution
		HideSolutionNode = FALSE
	EndGlobalSection
	GlobalSection(NestedProjects) = preSolution
		{A07E5522-FD84-442B-9F9F-F3A701CF0D79} = {36D591C7-65C7-A0D1-1CBC-10CDE441BDC8}
		{4EE4F557-1B7F-42DC-8E90-22BBA43DFD9C} = {36D591C7-65C7-A0D1-1CBC-10CDE441BDC8}
		{C529A8A5-97E2-4EC0-85C5-560EA76B3A3D} = {36D591C7-65C7-A0D1-1CBC-10CDE441BDC8}
		{7D0BCB95-1004-45E2-8365-061A9D0A15D4} = {516E212F-767F-42D3-B9A5-AD0C3D8DAC57}
		{63B222AE-2E7E-4332-A8AE-95C6107CDCDE} = {516E212F-767F-42D3-B9A5-AD0C3D8DAC57}
		{F457365E-E24D-4141-B127-C3F6C61E1D89} = {516E212F-767F-42D3-B9A5-AD0C3D8DAC57}
		{8AF8B3B1-4E8E-4F8A-87B1-9DF58A0ED2E3} = {4FDDB9AF-9584-413D-8A6B-A0C0734E10A0}
		{976729BE-0D57-4094-A37E-C51E35BAB192} = {4FDDB9AF-9584-413D-8A6B-A0C0734E10A0}
		{0ECBFA70-A839-4B9B-A48D-80D3CEC44D0D} = {4FDDB9AF-9584-413D-8A6B-A0C0734E10A0}
		{40324B78-2806-44EA-8A2F-39FF2B6BDD1E} = {5EA37784-E1A9-4F30-9F36-C003B1979B67}
		{A01C4965-66F1-4E7B-8D8D-7940FFFEFA2D} = {5EA37784-E1A9-4F30-9F36-C003B1979B67}
		{89D8986F-56E6-4D1C-8242-CE69111E8821} = {5EA37784-E1A9-4F30-9F36-C003B1979B67}
	EndGlobalSection
	GlobalSection(ExtensibilityGlobals) = postSolution
		SolutionGuid = {7201369B-F4D6-4CAF-BD47-60821DB69644}
	EndGlobalSection
EndGlobal
